
Microsoft Visual Studio Solution File, Format Version 12.00
# Visual Studio 2013
VisualStudioVersion = 12.0.40629.0
MinimumVisualStudioVersion = 10.0.40219.1
Project("{FAE04EC0-301F-11D3-BF4B-00C04F79EFBC}") = "Day1Homework_TDD", "Day1Homework_TDD\Day1Homework_TDD.csproj", "{86BBB261-E280-4862-81AA-66A2D5A337FD}"
EndProject
Project("{FAE04EC0-301F-11D3-BF4B-00C04F79EFBC}") = "Day1Homework_TDD_Test", "Day1Homework_TDD_Test\Day1Homework_TDD_Test.csproj", "{ACE0251B-87A7-4EE5-AC62-67FB55AAF800}"
EndProject
Global
	GlobalSection(SolutionConfigurationPlatforms) = preSolution
		Debug|Any CPU = Debug|Any CPU
		Release|Any CPU = Release|Any CPU
	EndGlobalSection
	GlobalSection(ProjectConfigurationPlatforms) = postSolution
		{86BBB261-E280-4862-81AA-66A2D5A337FD}.Debug|Any CPU.ActiveCfg = Debug|Any CPU
		{86BBB261-E280-4862-81AA-66A2D5A337FD}.Debug|Any CPU.Build.0 = Debug|Any CPU
		{86BBB261-E280-4862-81AA-66A2D5A337FD}.Release|Any CPU.ActiveCfg = Release|Any CPU
		{86BBB261-E280-4862-81AA-66A2D5A337FD}.Release|Any CPU.Build.0 = Release|Any CPU
		{ACE0251B-87A7-4EE5-AC62-67FB55AAF800}.Debug|Any CPU.ActiveCfg = Debug|Any CPU
		{ACE0251B-87A7-4EE5-AC62-67FB55AAF800}.Debug|Any CPU.Build.0 = Debug|Any CPU
		{ACE0251B-87A7-4EE5-AC62-67FB55AAF800}.Release|Any CPU.ActiveCfg = Release|Any CPU
		{ACE0251B-87A7-4EE5-AC62-67FB55AAF800}.Release|Any CPU.Build.0 = Release|Any CPU
	EndGlobalSection
	GlobalSection(SolutionProperties) = preSolution
		HideSolutionNode = FALSE
	EndGlobalSection
EndGlobal
